// !$*UTF8*$!
{
	archiveVersion = 1;
	classes = {
	};
	objectVersion = 46;
	objects = {

/* Begin PBXBuildFile section */
		6611109517E4DC78002843F3 /* NSArray+Dump.m in Sources */ = {isa = PBXBuildFile; fileRef = 6611109417E4DC78002843F3 /* NSArray+Dump.m */; };
		66A11C3817E4C08F0080A957 /* UIKit.framework in Frameworks */ = {isa = PBXBuildFile; fileRef = 66A11C3717E4C08F0080A957 /* UIKit.framework */; };
		66A11C3A17E4C08F0080A957 /* Foundation.framework in Frameworks */ = {isa = PBXBuildFile; fileRef = 66A11C3917E4C08F0080A957 /* Foundation.framework */; };
		66A11C3C17E4C08F0080A957 /* CoreGraphics.framework in Frameworks */ = {isa = PBXBuildFile; fileRef = 66A11C3B17E4C08F0080A957 /* CoreGraphics.framework */; };
		66A11C4217E4C08F0080A957 /* InfoPlist.strings in Resources */ = {isa = PBXBuildFile; fileRef = 66A11C4017E4C08F0080A957 /* InfoPlist.strings */; };
		66A11C4417E4C08F0080A957 /* main.m in Sources */ = {isa = PBXBuildFile; fileRef = 66A11C4317E4C08F0080A957 /* main.m */; };
		66A11C4817E4C08F0080A957 /* AppDelegate.m in Sources */ = {isa = PBXBuildFile; fileRef = 66A11C4717E4C08F0080A957 /* AppDelegate.m */; };
		66A11C4A17E4C08F0080A957 /* Default.png in Resources */ = {isa = PBXBuildFile; fileRef = 66A11C4917E4C08F0080A957 /* Default.png */; };
		66A11C4C17E4C08F0080A957 /* Default@2x.png in Resources */ = {isa = PBXBuildFile; fileRef = 66A11C4B17E4C08F0080A957 /* Default@2x.png */; };
		66A11C4E17E4C0900080A957 /* Default-568h@2x.png in Resources */ = {isa = PBXBuildFile; fileRef = 66A11C4D17E4C0900080A957 /* Default-568h@2x.png */; };
		66A11C5117E4C0900080A957 /* ViewController.m in Sources */ = {isa = PBXBuildFile; fileRef = 66A11C5017E4C0900080A957 /* ViewController.m */; };
		66A11C5417E4C0900080A957 /* ViewController.xib in Resources */ = {isa = PBXBuildFile; fileRef = 66A11C5217E4C0900080A957 /* ViewController.xib */; };
		66A11C5B17E4C0A80080A957 /* putin.txt in Resources */ = {isa = PBXBuildFile; fileRef = 66A11C5A17E4C0A80080A957 /* putin.txt */; };
/* End PBXBuildFile section */

/* Begin PBXFileReference section */
		6611109317E4DC78002843F3 /* NSArray+Dump.h */ = {isa = PBXFileReference; fileEncoding = 4; lastKnownFileType = sourcecode.c.h; path = "NSArray+Dump.h"; sourceTree = "<group>"; };
		6611109417E4DC78002843F3 /* NSArray+Dump.m */ = {isa = PBXFileReference; fileEncoding = 4; lastKnownFileType = sourcecode.c.objc; path = "NSArray+Dump.m"; sourceTree = "<group>"; };
		66A11C3417E4C08F0080A957 /* BaitapBuoi6.app */ = {isa = PBXFileReference; explicitFileType = wrapper.application; includeInIndex = 0; path = BaitapBuoi6.app; sourceTree = BUILT_PRODUCTS_DIR; };
		66A11C3717E4C08F0080A957 /* UIKit.framework */ = {isa = PBXFileReference; lastKnownFileType = wrapper.framework; name = UIKit.framework; path = System/Library/Frameworks/UIKit.framework; sourceTree = SDKROOT; };
		66A11C3917E4C08F0080A957 /* Foundation.framework */ = {isa = PBXFileReference; lastKnownFileType = wrapper.framework; name = Foundation.framework; path = System/Library/Frameworks/Foundation.framework; sourceTree = SDKROOT; };
		66A11C3B17E4C08F0080A957 /* CoreGraphics.framework */ = {isa = PBXFileReference; lastKnownFileType = wrapper.framework; name = CoreGraphics.framework; path = System/Library/Frameworks/CoreGraphics.framework; sourceTree = SDKROOT; };
		66A11C3F17E4C08F0080A957 /* BaitapBuoi6-Info.plist */ = {isa = PBXFileReference; lastKnownFileType = text.plist.xml; path = "BaitapBuoi6-Info.plist"; sourceTree = "<group>"; };
		66A11C4117E4C08F0080A957 /* en */ = {isa = PBXFileReference; lastKnownFileType = text.plist.strings; name = en; path = en.lproj/InfoPlist.strings; sourceTree = "<group>"; };
		66A11C4317E4C08F0080A957 /* main.m */ = {isa = PBXFileReference; lastKnownFileType = sourcecode.c.objc; path = main.m; sourceTree = "<group>"; };
		66A11C4517E4C08F0080A957 /* BaitapBuoi6-Prefix.pch */ = {isa = PBXFileReference; lastKnownFileType = sourcecode.c.h; path = "BaitapBuoi6-Prefix.pch"; sourceTree = "<group>"; };
		66A11C4617E4C08F0080A957 /* AppDelegate.h */ = {isa = PBXFileReference; lastKnownFileType = sourcecode.c.h; path = AppDelegate.h; sourceTree = "<group>"; };
		66A11C4717E4C08F0080A957 /* AppDelegate.m */ = {isa = PBXFileReference; lastKnownFileType = sourcecode.c.objc; path = AppDelegate.m; sourceTree = "<group>"; };
		66A11C4917E4C08F0080A957 /* Default.png */ = {isa = PBXFileReference; lastKnownFileType = image.png; path = Default.png; sourceTree = "<group>"; };
		66A11C4B17E4C08F0080A957 /* Default@2x.png */ = {isa = PBXFileReference; lastKnownFileType = image.png; path = "Default@2x.png"; sourceTree = "<group>"; };
		66A11C4D17E4C0900080A957 /* Default-568h@2x.png */ = {isa = PBXFileReference; lastKnownFileType = image.png; path = "Default-568h@2x.png"; sourceTree = "<group>"; };
		66A11C4F17E4C0900080A957 /* ViewController.h */ = {isa = PBXFileReference; lastKnownFileType = sourcecode.c.h; path = ViewController.h; sourceTree = "<group>"; };
		66A11C5017E4C0900080A957 /* ViewController.m */ = {isa = PBXFileReference; lastKnownFileType = sourcecode.c.objc; path = ViewController.m; sourceTree = "<group>"; };
		66A11C5317E4C0900080A957 /* en */ = {isa = PBXFileReference; lastKnownFileType = file.xib; name = en; path = en.lproj/ViewController.xib; sourceTree = "<group>"; };
		66A11C5A17E4C0A80080A957 /* putin.txt */ = {isa = PBXFileReference; fileEncoding = 4; lastKnownFileType = text; path = putin.txt; sourceTree = "<group>"; };
/* End PBXFileReference section */

/* Begin PBXFrameworksBuildPhase section */
		66A11C3117E4C08F0080A957 /* Frameworks */ = {
			isa = PBXFrameworksBuildPhase;
			buildActionMask = 2147483647;
			files = (
				66A11C3817E4C08F0080A957 /* UIKit.framework in Frameworks */,
				66A11C3A17E4C08F0080A957 /* Foundation.framework in Frameworks */,
				66A11C3C17E4C08F0080A957 /* CoreGraphics.framework in Frameworks */,
			);
			runOnlyForDeploymentPostprocessing = 0;
		};
/* End PBXFrameworksBuildPhase section */

/* Begin PBXGroup section */
		66A11C2B17E4C08F0080A957 = {
			isa = PBXGroup;
			children = (
				66A11C3D17E4C08F0080A957 /* BaitapBuoi6 */,
				66A11C3617E4C08F0080A957 /* Frameworks */,
				66A11C3517E4C08F0080A957 /* Products */,
			);
			sourceTree = "<group>";
		};
		66A11C3517E4C08F0080A957 /* Products */ = {
			isa = PBXGroup;
			children = (
				66A11C3417E4C08F0080A957 /* BaitapBuoi6.app */,
			);
			name = Products;
			sourceTree = "<group>";
		};
		66A11C3617E4C08F0080A957 /* Frameworks */ = {
			isa = PBXGroup;
			children = (
				66A11C3717E4C08F0080A957 /* UIKit.framework */,
				66A11C3917E4C08F0080A957 /* Foundation.framework */,
				66A11C3B17E4C08F0080A957 /* CoreGraphics.framework */,
			);
			name = Frameworks;
			sourceTree = "<group>";
		};
		66A11C3D17E4C08F0080A957 /* BaitapBuoi6 */ = {
			isa = PBXGroup;
			children = (
				66A11C5A17E4C0A80080A957 /* putin.txt */,
				66A11C4617E4C08F0080A957 /* AppDelegate.h */,
				66A11C4717E4C08F0080A957 /* AppDelegate.m */,
				66A11C4F17E4C0900080A957 /* ViewController.h */,
				66A11C5017E4C0900080A957 /* ViewController.m */,
				66A11C5217E4C0900080A957 /* ViewController.xib */,
				66A11C3E17E4C08F0080A957 /* Supporting Files */,
				6611109317E4DC78002843F3 /* NSArray+Dump.h */,
				6611109417E4DC78002843F3 /* NSArray+Dump.m */,
			);
			path = BaitapBuoi6;
			sourceTree = "<group>";
		};
		66A11C3E17E4C08F0080A957 /* Supporting Files */ = {
			isa = PBXGroup;
			children = (
				66A11C3F17E4C08F0080A957 /* BaitapBuoi6-Info.plist */,
				66A11C4017E4C08F0080A957 /* InfoPlist.strings */,
				66A11C4317E4C08F0080A957 /* main.m */,
				66A11C4517E4C08F0080A957 /* BaitapBuoi6-Prefix.pch */,
				66A11C4917E4C08F0080A957 /* Default.png */,
				66A11C4B17E4C08F0080A957 /* Default@2x.png */,
				66A11C4D17E4C0900080A957 /* Default-568h@2x.png */,
			);
			name = "Supporting Files";
			sourceTree = "<group>";
		};
/* End PBXGroup section */

/* Begin PBXNativeTarget section */
		66A11C3317E4C08F0080A957 /* BaitapBuoi6 */ = {
			isa = PBXNativeTarget;
			buildConfigurationList = 66A11C5717E4C0900080A957 /* Build configuration list for PBXNativeTarget "BaitapBuoi6" */;
			buildPhases = (
				66A11C3017E4C08F0080A957 /* Sources */,
				66A11C3117E4C08F0080A957 /* Frameworks */,
				66A11C3217E4C08F0080A957 /* Resources */,
			);
			buildRules = (
			);
			dependencies = (
			);
			name = BaitapBuoi6;
			productName = BaitapBuoi6;
			productReference = 66A11C3417E4C08F0080A957 /* BaitapBuoi6.app */;
			productType = "com.apple.product-type.application";
		};
/* End PBXNativeTarget section */

/* Begin PBXProject section */
		66A11C2C17E4C08F0080A957 /* Project object */ = {
			isa = PBXProject;
			attributes = {
				LastUpgradeCheck = 0460;
				ORGANIZATIONNAME = viettel;
			};
			buildConfigurationList = 66A11C2F17E4C08F0080A957 /* Build configuration list for PBXProject "BaitapBuoi6" */;
			compatibilityVersion = "Xcode 3.2";
			developmentRegion = English;
			hasScannedForEncodings = 0;
			knownRegions = (
				en,
			);
			mainGroup = 66A11C2B17E4C08F0080A957;
			productRefGroup = 66A11C3517E4C08F0080A957 /* Products */;
			projectDirPath = "";
			projectRoot = "";
			targets = (
				66A11C3317E4C08F0080A957 /* BaitapBuoi6 */,
			);
		};
/* End PBXProject section */

/* Begin PBXResourcesBuildPhase section */
		66A11C3217E4C08F0080A957 /* Resources */ = {
			isa = PBXResourcesBuildPhase;
			buildActionMask = 2147483647;
			files = (
				66A11C4217E4C08F0080A957 /* InfoPlist.strings in Resources */,
				66A11C4A17E4C08F0080A957 /* Default.png in Resources */,
				66A11C4C17E4C08F0080A957 /* Default@2x.png in Resources */,
				66A11C4E17E4C0900080A957 /* Default-568h@2x.png in Resources */,
				66A11C5417E4C0900080A957 /* ViewController.xib in Resources */,
				66A11C5B17E4C0A80080A957 /* putin.txt in Resources */,
			);
			runOnlyForDeploymentPostprocessing = 0;
		};
/* End PBXResourcesBuildPhase section */

/* Begin PBXSourcesBuildPhase section */
		66A11C3017E4C08F0080A957 /* Sources */ = {
			isa = PBXSourcesBuildPhase;
			buildActionMask = 2147483647;
			files = (
				66A11C4417E4C08F0080A957 /* main.m in Sources */,
				66A11C4817E4C08F0080A957 /* AppDelegate.m in Sources */,
				66A11C5117E4C0900080A957 /* ViewController.m in Sources */,
				6611109517E4DC78002843F3 /* NSArray+Dump.m in Sources */,
			);
			runOnlyForDeploymentPostprocessing = 0;
		};
/* End PBXSourcesBuildPhase section */

/* Begin PBXVariantGroup section */
		66A11C4017E4C08F0080A957 /* InfoPlist.strings */ = {
			isa = PBXVariantGroup;
			children = (
				66A11C4117E4C08F0080A957 /* en */,
			);
			name = InfoPlist.strings;
			sourceTree = "<group>";
		};
		66A11C5217E4C0900080A957 /* ViewController.xib */ = {
			isa = PBXVariantGroup;
			children = (
				66A11C5317E4C0900080A957 /* en */,
			);
			name = ViewController.xib;
			sourceTree = "<group>";
		};
/* End PBXVariantGroup section */

/* Begin XCBuildConfiguration section */
		66A11C5517E4C0900080A957 /* Debug */ = {
			isa = XCBuildConfiguration;
			buildSettings = {
				ALWAYS_SEARCH_USER_PATHS = NO;
				CLANG_CXX_LANGUAGE_STANDARD = "gnu++0x";
				CLANG_CXX_LIBRARY = "libc++";
				CLANG_WARN_CONSTANT_CONVERSION = YES;
				CLANG_WARN_EMPTY_BODY = YES;
				CLANG_WARN_ENUM_CONVERSION = YES;
				CLANG_WARN_INT_CONVERSION = YES;
				CLANG_WARN__DUPLICATE_METHOD_MATCH = YES;
				"CODE_SIGN_IDENTITY[sdk=iphoneos*]" = "iPhone Developer";
				COPY_PHASE_STRIP = NO;
				GCC_C_LANGUAGE_STANDARD = gnu99;
				GCC_DYNAMIC_NO_PIC = NO;
				GCC_OPTIMIZATION_LEVEL = 0;
				GCC_PREPROCESSOR_DEFINITIONS = (
					"DEBUG=1",
					"$(inherited)",
				);
				GCC_SYMBOLS_PRIVATE_EXTERN = NO;
				GCC_WARN_ABOUT_RETURN_TYPE = YES;
				GCC_WARN_UNINITIALIZED_AUTOS = YES;
				GCC_WARN_UNUSED_VARIABLE = YES;
				IPHONEOS_DEPLOYMENT_TARGET = 6.1;
				ONLY_ACTIVE_ARCH = YES;
				SDKROOT = iphoneos;
			};
			name = Debug;
		};
		66A11C5617E4C0900080A957 /* Release */ = {
			isa = XCBuildConfiguration;
			buildSettings = {
				ALWAYS_SEARCH_USER_PATHS = NO;
				CLANG_CXX_LANGUAGE_STANDARD = "gnu++0x";
				CLANG_CXX_LIBRARY = "libc++";
				CLANG_WARN_CONSTANT_CONVERSION = YES;
				CLANG_WARN_EMPTY_BODY = YES;
				CLANG_WARN_ENUM_CONVERSION = YES;
				CLANG_WARN_INT_CONVERSION = YES;
				CLANG_WARN__DUPLICATE_METHOD_MATCH = YES;
				"CODE_SIGN_IDENTITY[sdk=iphoneos*]" = "iPhone Developer";
				COPY_PHASE_STRIP = YES;
				GCC_C_LANGUAGE_STANDARD = gnu99;
				GCC_WARN_ABOUT_RETURN_TYPE = YES;
				GCC_WARN_UNINITIALIZED_AUTOS = YES;
				GCC_WARN_UNUSED_VARIABLE = YES;
				IPHONEOS_DEPLOYMENT_TARGET = 6.1;
				OTHER_CFLAGS = "-DNS_BLOCK_ASSERTIONS=1";
				SDKROOT = iphoneos;
				VALIDATE_PRODUCT = YES;
			};
			name = Release;
		};
		66A11C5817E4C0900080A957 /* Debug */ = {
			isa = XCBuildConfiguration;
			buildSettings = {
				GCC_PRECOMPILE_PREFIX_HEADER = YES;
				GCC_PREFIX_HEADER = "BaitapBuoi6/BaitapBuoi6-Prefix.pch";
				INFOPLIST_FILE = "BaitapBuoi6/BaitapBuoi6-Info.plist";
				PRODUCT_NAME = "$(TARGET_NAME)";
				WRAPPER_EXTENSION = app;
			};
			name = Debug;
		};
		66A11C5917E4C0900080A957 /* Release */ = {
			isa = XCBuildConfiguration;
			buildSettings = {
				GCC_PRECOMPILE_PREFIX_HEADER = YES;
				GCC_PREFIX_HEADER = "BaitapBuoi6/BaitapBuoi6-Prefix.pch";
				INFOPLIST_FILE = "BaitapBuoi6/BaitapBuoi6-Info.plist";
				PRODUCT_NAME = "$(TARGET_NAME)";
				WRAPPER_EXTENSION = app;
			};
			name = Release;
		};
/* End XCBuildConfiguration section */

/* Begin XCConfigurationList section */
		66A11C2F17E4C08F0080A957 /* Build configuration list for PBXProject "BaitapBuoi6" */ = {
			isa = XCConfigurationList;
			buildConfigurations = (
				66A11C5517E4C0900080A957 /* Debug */,
				66A11C5617E4C0900080A957 /* Release */,
			);
			defaultConfigurationIsVisible = 0;
			defaultConfigurationName = Release;
		};
		66A11C5717E4C0900080A957 /* Build configuration list for PBXNativeTarget "BaitapBuoi6" */ = {
			isa = XCConfigurationList;
			buildConfigurations = (
				66A11C5817E4C0900080A957 /* Debug */,
				66A11C5917E4C0900080A957 /* Release */,
			);
			defaultConfigurationIsVisible = 0;
			defaultConfigurationName = Release;
		};
/* End XCConfigurationList section */
	};
	rootObject = 66A11C2C17E4C08F0080A957 /* Project object */;
}
